
Microsoft Visual Studio Solution File, Format Version 12.00
# Visual Studio Version 16
VisualStudioVersion = 16.0.30611.23
MinimumVisualStudioVersion = 10.0.40219.1
Project("{FAE04EC0-301F-11D3-BF4B-00C04F79EFBC}") = "EmployeePayrollRestApi", "EmployeePayrollRestApi\EmployeePayrollRestApi.csproj", "{454D789F-CA77-4214-BCF2-A084EBA3DF84}"
EndProject
Project("{FAE04EC0-301F-11D3-BF4B-00C04F79EFBC}") = "EmployeePayrollRestApiTest", "EmployeePayrollRestApiTest\EmployeePayrollRestApiTest.csproj", "{518DC1E0-4457-4946-A508-AC9EBB08E9EF}"
EndProject
Global
	GlobalSection(SolutionConfigurationPlatforms) = preSolution
		Debug|Any CPU = Debug|Any CPU
		Release|Any CPU = Release|Any CPU
	EndGlobalSection
	GlobalSection(ProjectConfigurationPlatforms) = postSolution
		{454D789F-CA77-4214-BCF2-A084EBA3DF84}.Debug|Any CPU.ActiveCfg = Debug|Any CPU
		{454D789F-CA77-4214-BCF2-A084EBA3DF84}.Debug|Any CPU.Build.0 = Debug|Any CPU
		{454D789F-CA77-4214-BCF2-A084EBA3DF84}.Release|Any CPU.ActiveCfg = Release|Any CPU
		{454D789F-CA77-4214-BCF2-A084EBA3DF84}.Release|Any CPU.Build.0 = Release|Any CPU
		{518DC1E0-4457-4946-A508-AC9EBB08E9EF}.Debug|Any CPU.ActiveCfg = Debug|Any CPU
		{518DC1E0-4457-4946-A508-AC9EBB08E9EF}.Debug|Any CPU.Build.0 = Debug|Any CPU
		{518DC1E0-4457-4946-A508-AC9EBB08E9EF}.Release|Any CPU.ActiveCfg = Release|Any CPU
		{518DC1E0-4457-4946-A508-AC9EBB08E9EF}.Release|Any CPU.Build.0 = Release|Any CPU
	EndGlobalSection
	GlobalSection(SolutionProperties) = preSolution
		HideSolutionNode = FALSE
	EndGlobalSection
	GlobalSection(ExtensibilityGlobals) = postSolution
		SolutionGuid = {A4D37C25-3C15-4E6C-8D94-5ABC8D3F3F3E}
	EndGlobalSection
EndGlobal
